
Microsoft Visual Studio Solution File, Format Version 12.00
# Visual Studio Version 17
VisualStudioVersion = 17.5.33516.290
MinimumVisualStudioVersion = 10.0.40219.1
Project("{FAE04EC0-301F-11D3-BF4B-00C04F79EFBC}") = "Authorization.Api", "src\Authorization.Api\Authorization.Api.csproj", "{C13D9DFA-0AE2-46A4-90B5-74A00D5DF7EE}"
EndProject
Project("{FAE04EC0-301F-11D3-BF4B-00C04F79EFBC}") = "Authorization.Domain", "src\Authorization.Domain\Authorization.Domain.csproj", "{9E4DCB9E-059D-4627-8AF2-86515FEEC216}"
EndProject
Project("{FAE04EC0-301F-11D3-BF4B-00C04F79EFBC}") = "Authorization.Data", "src\Authorization.Data\Authorization.Data.csproj", "{5AF1EE1B-9DF7-41DB-B780-81C300C7BCA9}"
EndProject
Project("{FAE04EC0-301F-11D3-BF4B-00C04F79EFBC}") = "Authorization.Service", "src\Authorization.Service\Authorization.Service.csproj", "{EC87C33A-1AA9-4C15-91F7-3A6359B5BF03}"
EndProject
Global
	GlobalSection(SolutionConfigurationPlatforms) = preSolution
		Debug|Any CPU = Debug|Any CPU
		Release|Any CPU = Release|Any CPU
	EndGlobalSection
	GlobalSection(ProjectConfigurationPlatforms) = postSolution
		{C13D9DFA-0AE2-46A4-90B5-74A00D5DF7EE}.Debug|Any CPU.ActiveCfg = Debug|Any CPU
		{C13D9DFA-0AE2-46A4-90B5-74A00D5DF7EE}.Debug|Any CPU.Build.0 = Debug|Any CPU
		{C13D9DFA-0AE2-46A4-90B5-74A00D5DF7EE}.Release|Any CPU.ActiveCfg = Release|Any CPU
		{C13D9DFA-0AE2-46A4-90B5-74A00D5DF7EE}.Release|Any CPU.Build.0 = Release|Any CPU
		{9E4DCB9E-059D-4627-8AF2-86515FEEC216}.Debug|Any CPU.ActiveCfg = Debug|Any CPU
		{9E4DCB9E-059D-4627-8AF2-86515FEEC216}.Debug|Any CPU.Build.0 = Debug|Any CPU
		{9E4DCB9E-059D-4627-8AF2-86515FEEC216}.Release|Any CPU.ActiveCfg = Release|Any CPU
		{9E4DCB9E-059D-4627-8AF2-86515FEEC216}.Release|Any CPU.Build.0 = Release|Any CPU
		{5AF1EE1B-9DF7-41DB-B780-81C300C7BCA9}.Debug|Any CPU.ActiveCfg = Debug|Any CPU
		{5AF1EE1B-9DF7-41DB-B780-81C300C7BCA9}.Debug|Any CPU.Build.0 = Debug|Any CPU
		{5AF1EE1B-9DF7-41DB-B780-81C300C7BCA9}.Release|Any CPU.ActiveCfg = Release|Any CPU
		{5AF1EE1B-9DF7-41DB-B780-81C300C7BCA9}.Release|Any CPU.Build.0 = Release|Any CPU
		{EC87C33A-1AA9-4C15-91F7-3A6359B5BF03}.Debug|Any CPU.ActiveCfg = Debug|Any CPU
		{EC87C33A-1AA9-4C15-91F7-3A6359B5BF03}.Debug|Any CPU.Build.0 = Debug|Any CPU
		{EC87C33A-1AA9-4C15-91F7-3A6359B5BF03}.Release|Any CPU.ActiveCfg = Release|Any CPU
		{EC87C33A-1AA9-4C15-91F7-3A6359B5BF03}.Release|Any CPU.Build.0 = Release|Any CPU
	EndGlobalSection
	GlobalSection(SolutionProperties) = preSolution
		HideSolutionNode = FALSE
	EndGlobalSection
	GlobalSection(ExtensibilityGlobals) = postSolution
		SolutionGuid = {B8469DED-DDC4-41C5-AF83-942085AC7004}
	EndGlobalSection
EndGlobal
